
Microsoft Visual Studio Solution File, Format Version 12.00
Project("{FAE04EC0-301F-11D3-BF4B-00C04F79EFBC}") = "estoque", "estoque\estoque.csproj", "{4AB84B8A-757D-425A-BC05-E0D21B117B9B}"
EndProject
Global
	GlobalSection(SolutionConfigurationPlatforms) = preSolution
		Debug|Any CPU = Debug|Any CPU
		Release|Any CPU = Release|Any CPU
	EndGlobalSection
	GlobalSection(ProjectConfigurationPlatforms) = postSolution
		{4AB84B8A-757D-425A-BC05-E0D21B117B9B}.Debug|Any CPU.ActiveCfg = Debug|Any CPU
		{4AB84B8A-757D-425A-BC05-E0D21B117B9B}.Debug|Any CPU.Build.0 = Debug|Any CPU
		{4AB84B8A-757D-425A-BC05-E0D21B117B9B}.Release|Any CPU.ActiveCfg = Release|Any CPU
		{4AB84B8A-757D-425A-BC05-E0D21B117B9B}.Release|Any CPU.Build.0 = Release|Any CPU
	EndGlobalSection
EndGlobal
